// !$*UTF8*$!
{
	archiveVersion = 1;
	classes = {
	};
	objectVersion = 52;
	objects = {

/* Begin PBXBuildFile section */
		FF45F50A264C1A3E00D2CC8F /* movie_appApp.swift in Sources */ = {isa = PBXBuildFile; fileRef = FF45F509264C1A3E00D2CC8F /* movie_appApp.swift */; };
		FF45F50C264C1A3E00D2CC8F /* ContentView.swift in Sources */ = {isa = PBXBuildFile; fileRef = FF45F50B264C1A3E00D2CC8F /* ContentView.swift */; };
		FF45F50E264C1A4100D2CC8F /* Assets.xcassets in Resources */ = {isa = PBXBuildFile; fileRef = FF45F50D264C1A4100D2CC8F /* Assets.xcassets */; };
		FF45F511264C1A4100D2CC8F /* Preview Assets.xcassets in Resources */ = {isa = PBXBuildFile; fileRef = FF45F510264C1A4100D2CC8F /* Preview Assets.xcassets */; };
		FF45F519264C1E0100D2CC8F /* FetchAndParse.swift in Sources */ = {isa = PBXBuildFile; fileRef = FF45F518264C1E0100D2CC8F /* FetchAndParse.swift */; };
		FF45F51B264C1F9A00D2CC8F /* ResponseModel.swift in Sources */ = {isa = PBXBuildFile; fileRef = FF45F51A264C1F9A00D2CC8F /* ResponseModel.swift */; };
		FF45F51E264C41C900D2CC8F /* URLImage in Frameworks */ = {isa = PBXBuildFile; productRef = FF45F51D264C41C900D2CC8F /* URLImage */; };
/* End PBXBuildFile section */

/* Begin PBXFileReference section */
		FF45F506264C1A3E00D2CC8F /* movie-app.app */ = {isa = PBXFileReference; explicitFileType = wrapper.application; includeInIndex = 0; path = "movie-app.app"; sourceTree = BUILT_PRODUCTS_DIR; };
		FF45F509264C1A3E00D2CC8F /* movie_appApp.swift */ = {isa = PBXFileReference; lastKnownFileType = sourcecode.swift; path = movie_appApp.swift; sourceTree = "<group>"; };
		FF45F50B264C1A3E00D2CC8F /* ContentView.swift */ = {isa = PBXFileReference; lastKnownFileType = sourcecode.swift; path = ContentView.swift; sourceTree = "<group>"; };
		FF45F50D264C1A4100D2CC8F /* Assets.xcassets */ = {isa = PBXFileReference; lastKnownFileType = folder.assetcatalog; path = Assets.xcassets; sourceTree = "<group>"; };
		FF45F510264C1A4100D2CC8F /* Preview Assets.xcassets */ = {isa = PBXFileReference; lastKnownFileType = folder.assetcatalog; path = "Preview Assets.xcassets"; sourceTree = "<group>"; };
		FF45F512264C1A4100D2CC8F /* Info.plist */ = {isa = PBXFileReference; lastKnownFileType = text.plist.xml; path = Info.plist; sourceTree = "<group>"; };
		FF45F518264C1E0100D2CC8F /* FetchAndParse.swift */ = {isa = PBXFileReference; lastKnownFileType = sourcecode.swift; path = FetchAndParse.swift; sourceTree = "<group>"; };
		FF45F51A264C1F9A00D2CC8F /* ResponseModel.swift */ = {isa = PBXFileReference; lastKnownFileType = sourcecode.swift; path = ResponseModel.swift; sourceTree = "<group>"; };
/* End PBXFileReference section */

/* Begin PBXFrameworksBuildPhase section */
		FF45F503264C1A3E00D2CC8F /* Frameworks */ = {
			isa = PBXFrameworksBuildPhase;
			buildActionMask = 2147483647;
			files = (
				FF45F51E264C41C900D2CC8F /* URLImage in Frameworks */,
			);
			runOnlyForDeploymentPostprocessing = 0;
		};
/* End PBXFrameworksBuildPhase section */

/* Begin PBXGroup section */
		FF45F4FD264C1A3E00D2CC8F = {
			isa = PBXGroup;
			children = (
				FF45F508264C1A3E00D2CC8F /* movie-app */,
				FF45F507264C1A3E00D2CC8F /* Products */,
			);
			sourceTree = "<group>";
		};
		FF45F507264C1A3E00D2CC8F /* Products */ = {
			isa = PBXGroup;
			children = (
				FF45F506264C1A3E00D2CC8F /* movie-app.app */,
			);
			name = Products;
			sourceTree = "<group>";
		};
		FF45F508264C1A3E00D2CC8F /* movie-app */ = {
			isa = PBXGroup;
			children = (
				FF45F509264C1A3E00D2CC8F /* movie_appApp.swift */,
				FF45F50B264C1A3E00D2CC8F /* ContentView.swift */,
				FF45F518264C1E0100D2CC8F /* FetchAndParse.swift */,
				FF45F51A264C1F9A00D2CC8F /* ResponseModel.swift */,
				FF45F50D264C1A4100D2CC8F /* Assets.xcassets */,
				FF45F512264C1A4100D2CC8F /* Info.plist */,
				FF45F50F264C1A4100D2CC8F /* Preview Content */,
			);
			path = "movie-app";
			sourceTree = "<group>";
		};
		FF45F50F264C1A4100D2CC8F /* Preview Content */ = {
			isa = PBXGroup;
			children = (
				FF45F510264C1A4100D2CC8F /* Preview Assets.xcassets */,
			);
			path = "Preview Content";
			sourceTree = "<group>";
		};
/* End PBXGroup section */

/* Begin PBXNativeTarget section */
		FF45F505264C1A3E00D2CC8F /* movie-app */ = {
			isa = PBXNativeTarget;
			buildConfigurationList = FF45F515264C1A4100D2CC8F /* Build configuration list for PBXNativeTarget "movie-app" */;
			buildPhases = (
				FF45F502264C1A3E00D2CC8F /* Sources */,
				FF45F503264C1A3E00D2CC8F /* Frameworks */,
				FF45F504264C1A3E00D2CC8F /* Resources */,
			);
			buildRules = (
			);
			dependencies = (
			);
			name = "movie-app";
			packageProductDependencies = (
				FF45F51D264C41C900D2CC8F /* URLImage */,
			);
			productName = "movie-app";
			productReference = FF45F506264C1A3E00D2CC8F /* movie-app.app */;
			productType = "com.apple.product-type.application";
		};
/* End PBXNativeTarget section */

/* Begin PBXProject section */
		FF45F4FE264C1A3E00D2CC8F /* Project object */ = {
			isa = PBXProject;
			attributes = {
				LastSwiftUpdateCheck = 1250;
				LastUpgradeCheck = 1250;
				TargetAttributes = {
					FF45F505264C1A3E00D2CC8F = {
						CreatedOnToolsVersion = 12.5;
					};
				};
			};
			buildConfigurationList = FF45F501264C1A3E00D2CC8F /* Build configuration list for PBXProject "movie-app" */;
			compatibilityVersion = "Xcode 9.3";
			developmentRegion = en;
			hasScannedForEncodings = 0;
			knownRegions = (
				en,
				Base,
			);
			mainGroup = FF45F4FD264C1A3E00D2CC8F;
			packageReferences = (
				FF45F51C264C41C900D2CC8F /* XCRemoteSwiftPackageReference "url-image" */,
			);
			productRefGroup = FF45F507264C1A3E00D2CC8F /* Products */;
			projectDirPath = "";
			projectRoot = "";
			targets = (
				FF45F505264C1A3E00D2CC8F /* movie-app */,
			);
		};
/* End PBXProject section */

/* Begin PBXResourcesBuildPhase section */
		FF45F504264C1A3E00D2CC8F /* Resources */ = {
			isa = PBXResourcesBuildPhase;
			buildActionMask = 2147483647;
			files = (
				FF45F511264C1A4100D2CC8F /* Preview Assets.xcassets in Resources */,
				FF45F50E264C1A4100D2CC8F /* Assets.xcassets in Resources */,
			);
			runOnlyForDeploymentPostprocessing = 0;
		};
/* End PBXResourcesBuildPhase section */

/* Begin PBXSourcesBuildPhase section */
		FF45F502264C1A3E00D2CC8F /* Sources */ = {
			isa = PBXSourcesBuildPhase;
			buildActionMask = 2147483647;
			files = (
				FF45F50C264C1A3E00D2CC8F /* ContentView.swift in Sources */,
				FF45F519264C1E0100D2CC8F /* FetchAndParse.swift in Sources */,
				FF45F51B264C1F9A00D2CC8F /* ResponseModel.swift in Sources */,
				FF45F50A264C1A3E00D2CC8F /* movie_appApp.swift in Sources */,
			);
			runOnlyForDeploymentPostprocessing = 0;
		};
/* End PBXSourcesBuildPhase section */

/* Begin XCBuildConfiguration section */
		FF45F513264C1A4100D2CC8F /* Debug */ = {
			isa = XCBuildConfiguration;
			buildSettings = {
				ALWAYS_SEARCH_USER_PATHS = NO;
				CLANG_ANALYZER_NONNULL = YES;
				CLANG_ANALYZER_NUMBER_OBJECT_CONVERSION = YES_AGGRESSIVE;
				CLANG_CXX_LANGUAGE_STANDARD = "gnu++14";
				CLANG_CXX_LIBRARY = "libc++";
				CLANG_ENABLE_MODULES = YES;
				CLANG_ENABLE_OBJC_ARC = YES;
				CLANG_ENABLE_OBJC_WEAK = YES;
				CLANG_WARN_BLOCK_CAPTURE_AUTORELEASING = YES;
				CLANG_WARN_BOOL_CONVERSION = YES;
				CLANG_WARN_COMMA = YES;
				CLANG_WARN_CONSTANT_CONVERSION = YES;
				CLANG_WARN_DEPRECATED_OBJC_IMPLEMENTATIONS = YES;
				CLANG_WARN_DIRECT_OBJC_ISA_USAGE = YES_ERROR;
				CLANG_WARN_DOCUMENTATION_COMMENTS = YES;
				CLANG_WARN_EMPTY_BODY = YES;
				CLANG_WARN_ENUM_CONVERSION = YES;
				CLANG_WARN_INFINITE_RECURSION = YES;
				CLANG_WARN_INT_CONVERSION = YES;
				CLANG_WARN_NON_LITERAL_NULL_CONVERSION = YES;
				CLANG_WARN_OBJC_IMPLICIT_RETAIN_SELF = YES;
				CLANG_WARN_OBJC_LITERAL_CONVERSION = YES;
				CLANG_WARN_OBJC_ROOT_CLASS = YES_ERROR;
				CLANG_WARN_QUOTED_INCLUDE_IN_FRAMEWORK_HEADER = YES;
				CLANG_WARN_RANGE_LOOP_ANALYSIS = YES;
				CLANG_WARN_STRICT_PROTOTYPES = YES;
				CLANG_WARN_SUSPICIOUS_MOVE = YES;
				CLANG_WARN_UNGUARDED_AVAILABILITY = YES_AGGRESSIVE;
				CLANG_WARN_UNREACHABLE_CODE = YES;
				CLANG_WARN__DUPLICATE_METHOD_MATCH = YES;
				COPY_PHASE_STRIP = NO;
				DEBUG_INFORMATION_FORMAT = dwarf;
				ENABLE_STRICT_OBJC_MSGSEND = YES;
				ENABLE_TESTABILITY = YES;
				GCC_C_LANGUAGE_STANDARD = gnu11;
				GCC_DYNAMIC_NO_PIC = NO;
				GCC_NO_COMMON_BLOCKS = YES;
				GCC_OPTIMIZATION_LEVEL = 0;
				GCC_PREPROCESSOR_DEFINITIONS = (
					"DEBUG=1",
					"$(inherited)",
				);
				GCC_WARN_64_TO_32_BIT_CONVERSION = YES;
				GCC_WARN_ABOUT_RETURN_TYPE = YES_ERROR;
				GCC_WARN_UNDECLARED_SELECTOR = YES;
				GCC_WARN_UNINITIALIZED_AUTOS = YES_AGGRESSIVE;
				GCC_WARN_UNUSED_FUNCTION = YES;
				GCC_WARN_UNUSED_VARIABLE = YES;
				IPHONEOS_DEPLOYMENT_TARGET = 14.5;
				MTL_ENABLE_DEBUG_INFO = INCLUDE_SOURCE;
				MTL_FAST_MATH = YES;
				ONLY_ACTIVE_ARCH = YES;
				SDKROOT = iphoneos;
				SWIFT_ACTIVE_COMPILATION_CONDITIONS = DEBUG;
				SWIFT_OPTIMIZATION_LEVEL = "-Onone";
			};
			name = Debug;
		};
		FF45F514264C1A4100D2CC8F /* Release */ = {
			isa = XCBuildConfiguration;
			buildSettings = {
				ALWAYS_SEARCH_USER_PATHS = NO;
				CLANG_ANALYZER_NONNULL = YES;
				CLANG_ANALYZER_NUMBER_OBJECT_CONVERSION = YES_AGGRESSIVE;
				CLANG_CXX_LANGUAGE_STANDARD = "gnu++14";
				CLANG_CXX_LIBRARY = "libc++";
				CLANG_ENABLE_MODULES = YES;
				CLANG_ENABLE_OBJC_ARC = YES;
				CLANG_ENABLE_OBJC_WEAK = YES;
				CLANG_WARN_BLOCK_CAPTURE_AUTORELEASING = YES;
				CLANG_WARN_BOOL_CONVERSION = YES;
				CLANG_WARN_COMMA = YES;
				CLANG_WARN_CONSTANT_CONVERSION = YES;
				CLANG_WARN_DEPRECATED_OBJC_IMPLEMENTATIONS = YES;
				CLANG_WARN_DIRECT_OBJC_ISA_USAGE = YES_ERROR;
				CLANG_WARN_DOCUMENTATION_COMMENTS = YES;
				CLANG_WARN_EMPTY_BODY = YES;
				CLANG_WARN_ENUM_CONVERSION = YES;
				CLANG_WARN_INFINITE_RECURSION = YES;
				CLANG_WARN_INT_CONVERSION = YES;
				CLANG_WARN_NON_LITERAL_NULL_CONVERSION = YES;
				CLANG_WARN_OBJC_IMPLICIT_RETAIN_SELF = YES;
				CLANG_WARN_OBJC_LITERAL_CONVERSION = YES;
				CLANG_WARN_OBJC_ROOT_CLASS = YES_ERROR;
				CLANG_WARN_QUOTED_INCLUDE_IN_FRAMEWORK_HEADER = YES;
				CLANG_WARN_RANGE_LOOP_ANALYSIS = YES;
				CLANG_WARN_STRICT_PROTOTYPES = YES;
				CLANG_WARN_SUSPICIOUS_MOVE = YES;
				CLANG_WARN_UNGUARDED_AVAILABILITY = YES_AGGRESSIVE;
				CLANG_WARN_UNREACHABLE_CODE = YES;
				CLANG_WARN__DUPLICATE_METHOD_MATCH = YES;
				COPY_PHASE_STRIP = NO;
				DEBUG_INFORMATION_FORMAT = "dwarf-with-dsym";
				ENABLE_NS_ASSERTIONS = NO;
				ENABLE_STRICT_OBJC_MSGSEND = YES;
				GCC_C_LANGUAGE_STANDARD = gnu11;
				GCC_NO_COMMON_BLOCKS = YES;
				GCC_WARN_64_TO_32_BIT_CONVERSION = YES;
				GCC_WARN_ABOUT_RETURN_TYPE = YES_ERROR;
				GCC_WARN_UNDECLARED_SELECTOR = YES;
				GCC_WARN_UNINITIALIZED_AUTOS = YES_AGGRESSIVE;
				GCC_WARN_UNUSED_FUNCTION = YES;
				GCC_WARN_UNUSED_VARIABLE = YES;
				IPHONEOS_DEPLOYMENT_TARGET = 14.5;
				MTL_ENABLE_DEBUG_INFO = NO;
				MTL_FAST_MATH = YES;
				SDKROOT = iphoneos;
				SWIFT_COMPILATION_MODE = wholemodule;
				SWIFT_OPTIMIZATION_LEVEL = "-O";
				VALIDATE_PRODUCT = YES;
			};
			name = Release;
		};
		FF45F516264C1A4100D2CC8F /* Debug */ = {
			isa = XCBuildConfiguration;
			buildSettings = {
				ASSETCATALOG_COMPILER_APPICON_NAME = AppIcon;
				ASSETCATALOG_COMPILER_GLOBAL_ACCENT_COLOR_NAME = AccentColor;
				CODE_SIGN_STYLE = Automatic;
				DEVELOPMENT_ASSET_PATHS = "\"movie-app/Preview Content\"";
				ENABLE_PREVIEWS = YES;
				INFOPLIST_FILE = "movie-app/Info.plist";
				IPHONEOS_DEPLOYMENT_TARGET = 14.0;
				LD_RUNPATH_SEARCH_PATHS = (
					"$(inherited)",
					"@executable_path/Frameworks",
				);
				PRODUCT_BUNDLE_IDENTIFIER = "fi.tuni.movie-app";
				PRODUCT_NAME = "$(TARGET_NAME)";
				SWIFT_VERSION = 5.0;
				TARGETED_DEVICE_FAMILY = "1,2";
			};
			name = Debug;
		};
		FF45F517264C1A4100D2CC8F /* Release */ = {
			isa = XCBuildConfiguration;
			buildSettings = {
				ASSETCATALOG_COMPILER_APPICON_NAME = AppIcon;
				ASSETCATALOG_COMPILER_GLOBAL_ACCENT_COLOR_NAME = AccentColor;
				CODE_SIGN_STYLE = Automatic;
				DEVELOPMENT_ASSET_PATHS = "\"movie-app/Preview Content\"";
				ENABLE_PREVIEWS = YES;
				INFOPLIST_FILE = "movie-app/Info.plist";
				IPHONEOS_DEPLOYMENT_TARGET = 14.0;
				LD_RUNPATH_SEARCH_PATHS = (
					"$(inherited)",
					"@executable_path/Frameworks",
				);
				PRODUCT_BUNDLE_IDENTIFIER = "fi.tuni.movie-app";
				PRODUCT_NAME = "$(TARGET_NAME)";
				SWIFT_VERSION = 5.0;
				TARGETED_DEVICE_FAMILY = "1,2";
			};
			name = Release;
		};
/* End XCBuildConfiguration section */

/* Begin XCConfigurationList section */
		FF45F501264C1A3E00D2CC8F /* Build configuration list for PBXProject "movie-app" */ = {
			isa = XCConfigurationList;
			buildConfigurations = (
				FF45F513264C1A4100D2CC8F /* Debug */,
				FF45F514264C1A4100D2CC8F /* Release */,
			);
			defaultConfigurationIsVisible = 0;
			defaultConfigurationName = Release;
		};
		FF45F515264C1A4100D2CC8F /* Build configuration list for PBXNativeTarget "movie-app" */ = {
			isa = XCConfigurationList;
			buildConfigurations = (
				FF45F516264C1A4100D2CC8F /* Debug */,
				FF45F517264C1A4100D2CC8F /* Release */,
			);
			defaultConfigurationIsVisible = 0;
			defaultConfigurationName = Release;
		};
/* End XCConfigurationList section */

/* Begin XCRemoteSwiftPackageReference section */
		FF45F51C264C41C900D2CC8F /* XCRemoteSwiftPackageReference "url-image" */ = {
			isa = XCRemoteSwiftPackageReference;
			repositoryURL = "https://github.com/dmytro-anokhin/url-image";
			requirement = {
				kind = upToNextMajorVersion;
				minimumVersion = 3.0.0;
			};
		};
/* End XCRemoteSwiftPackageReference section */

/* Begin XCSwiftPackageProductDependency section */
		FF45F51D264C41C900D2CC8F /* URLImage */ = {
			isa = XCSwiftPackageProductDependency;
			package = FF45F51C264C41C900D2CC8F /* XCRemoteSwiftPackageReference "url-image" */;
			productName = URLImage;
		};
/* End XCSwiftPackageProductDependency section */
	};
	rootObject = FF45F4FE264C1A3E00D2CC8F /* Project object */;
}
